{
  "version": "3",
  "packages": {
    "specifiers": {
      "npm:@tauri-apps/api": "npm:@tauri-apps/api@1.5.3"
    },
    "npm": {
      "@tauri-apps/api@1.5.3": {
        "integrity": "sha512-zxnDjHHKjOsrIzZm6nO5Xapb/BxqUq1tc7cGkFXsFkGTsSWgCPH1D8mm0XS9weJY2OaR73I3k3S+b7eSzJDfqA==",
        "dependencies": {}
      }
    }
  },
  "remote": {},
  "workspace": {
    "dependencies": [
      "npm:@tauri-apps/api"
    ]
  }
}
